{
  "name": "portal-room",
  "version": "5.0.0",
  "lockfileVersion": 3,
  "requires": true,
  "packages": {
    "": {
      "name": "portal-room",
      "version": "5.0.0",
      "devDependencies": {
        "naga-wasi-cli": "0.1.0"
      },
      "engines": {
        "node": ">=22"
      }
    },
    "node_modules/naga-wasi-cli": {
      "version": "0.1.0",
      "resolved": "https://registry.npmjs.org/naga-wasi-cli/-/naga-wasi-cli-0.1.0.tgz",
      "integrity": "sha512-MUqUe+Xu2eRbRf8UCgbXSHoGx3P8PF4rjuD2Q1EonNFfvT57iYcVnbZQi0pIlA2GxHA+K4X8Q9CKxjqBnFW7EA==",
      "dev": true,
      "license": "MIT OR Apache-2.0",
      "bin": {
        "naga": "bin/naga.mjs",
        "naga-wasi-cli": "bin/naga.mjs"
      },
      "engines": {
        "node": ">=20.0.0"
      }
    }
  }
}
